{
  "name": "flaskProject",
  "lockfileVersion": 2,
  "requires": true,
  "packages": {
    "": {
      "dependencies": {
        "editable-grid": "^2.0.8"
      }
    },
    "node_modules/date-selector": {
      "version": "2.0.0",
      "resolved": "https://registry.npmjs.org/date-selector/-/date-selector-2.0.0.tgz",
      "integrity": "sha1-IkWGl7YwblOLLL/0dkvhij9cvGU=",
      "dependencies": {
        "jquery": "^2.2.0",
        "moment": "2.7.0",
        "underscore": "1.6.0"
      }
    },
    "node_modules/date-selector/node_modules/jquery": {
      "version": "2.2.4",
      "resolved": "https://registry.npmjs.org/jquery/-/jquery-2.2.4.tgz",
      "integrity": "sha1-LInWiJterFIqfuoywUUhVZxsvwI="
    },
    "node_modules/editable-grid": {
      "version": "2.0.8",
      "resolved": "https://registry.npmjs.org/editable-grid/-/editable-grid-2.0.8.tgz",
      "integrity": "sha512-v3ZAOpgmT/eOkKQoz1iySQw8NMdCnVsrj1wU0msisn9/DmbzU0V3La+DYusHxtnPFCQ/Bxe+eB2fe7ReHgUGUw==",
      "dependencies": {
        "date-selector": "2.0.0",
        "elephant-ears": "1.0.6",
        "jquery": "^3.3.1",
        "stand-in-order": "1.0.9",
        "underscore": "1.6.0"
      }
    },
    "node_modules/elephant-ears": {
      "version": "1.0.6",
      "resolved": "https://registry.npmjs.org/elephant-ears/-/elephant-ears-1.0.6.tgz",
      "integrity": "sha1-x0JKryyIIKf8hqlRT1y9qS59FP4=",
      "dependencies": {
        "underscore": "1.6.0"
      }
    },
    "node_modules/jquery": {
      "version": "3.6.0",
      "resolved": "https://registry.npmjs.org/jquery/-/jquery-3.6.0.tgz",
      "integrity": "sha512-JVzAR/AjBvVt2BmYhxRCSYysDsPcssdmTFnzyLEts9qNwmjmu4JTAMYubEfwVOSwpQ1I1sKKFcxhZCI2buerfw=="
    },
    "node_modules/moment": {
      "version": "2.7.0",
      "resolved": "https://registry.npmjs.org/moment/-/moment-2.7.0.tgz",
      "integrity": "sha1-NZoZ7GNM2jxwbIcJrdpUwDKarsQ=",
      "engines": {
        "node": "*"
      }
    },
    "node_modules/stand-in-order": {
      "version": "1.0.9",
      "resolved": "https://registry.npmjs.org/stand-in-order/-/stand-in-order-1.0.9.tgz",
      "integrity": "sha1-164DxbkEnm2mFWPFrBVOlFTwPhs=",
      "dependencies": {
        "underscore": "1.6.0"
      }
    },
    "node_modules/underscore": {
      "version": "1.6.0",
      "resolved": "https://registry.npmjs.org/underscore/-/underscore-1.6.0.tgz",
      "integrity": "sha1-izixDKze9jM3uLJOT/htRa6lKag="
    }
  },
  "dependencies": {
    "date-selector": {
      "version": "2.0.0",
      "resolved": "https://registry.npmjs.org/date-selector/-/date-selector-2.0.0.tgz",
      "integrity": "sha1-IkWGl7YwblOLLL/0dkvhij9cvGU=",
      "requires": {
        "jquery": "^2.2.0",
        "moment": "2.7.0",
        "underscore": "1.6.0"
      },
      "dependencies": {
        "jquery": {
          "version": "2.2.4",
          "resolved": "https://registry.npmjs.org/jquery/-/jquery-2.2.4.tgz",
          "integrity": "sha1-LInWiJterFIqfuoywUUhVZxsvwI="
        }
      }
    },
    "editable-grid": {
      "version": "2.0.8",
      "resolved": "https://registry.npmjs.org/editable-grid/-/editable-grid-2.0.8.tgz",
      "integrity": "sha512-v3ZAOpgmT/eOkKQoz1iySQw8NMdCnVsrj1wU0msisn9/DmbzU0V3La+DYusHxtnPFCQ/Bxe+eB2fe7ReHgUGUw==",
      "requires": {
        "date-selector": "2.0.0",
        "elephant-ears": "1.0.6",
        "jquery": "^3.3.1",
        "stand-in-order": "1.0.9",
        "underscore": "1.6.0"
      }
    },
    "elephant-ears": {
      "version": "1.0.6",
      "resolved": "https://registry.npmjs.org/elephant-ears/-/elephant-ears-1.0.6.tgz",
      "integrity": "sha1-x0JKryyIIKf8hqlRT1y9qS59FP4=",
      "requires": {
        "underscore": "1.6.0"
      }
    },
    "jquery": {
      "version": "3.6.0",
      "resolved": "https://registry.npmjs.org/jquery/-/jquery-3.6.0.tgz",
      "integrity": "sha512-JVzAR/AjBvVt2BmYhxRCSYysDsPcssdmTFnzyLEts9qNwmjmu4JTAMYubEfwVOSwpQ1I1sKKFcxhZCI2buerfw=="
    },
    "moment": {
      "version": "2.7.0",
      "resolved": "https://registry.npmjs.org/moment/-/moment-2.7.0.tgz",
      "integrity": "sha1-NZoZ7GNM2jxwbIcJrdpUwDKarsQ="
    },
    "stand-in-order": {
      "version": "1.0.9",
      "resolved": "https://registry.npmjs.org/stand-in-order/-/stand-in-order-1.0.9.tgz",
      "integrity": "sha1-164DxbkEnm2mFWPFrBVOlFTwPhs=",
      "requires": {
        "underscore": "1.6.0"
      }
    },
    "underscore": {
      "version": "1.6.0",
      "resolved": "https://registry.npmjs.org/underscore/-/underscore-1.6.0.tgz",
      "integrity": "sha1-izixDKze9jM3uLJOT/htRa6lKag="
    }
  }
}
